
Microsoft Visual Studio Solution File, Format Version 12.00
# Visual Studio 2013
VisualStudioVersion = 12.0.40629.0
MinimumVisualStudioVersion = 10.0.40219.1
Project("{F184B08F-C81C-45F6-A57F-5ABD9991F28F}") = "WindowsApplication38", "WindowsApplication38\WindowsApplication38.vbproj", "{C13EA84A-71B2-4F83-8104-18A73CEA90E6}"
EndProject
Global
	GlobalSection(SolutionConfigurationPlatforms) = preSolution
		Debug|Any CPU = Debug|Any CPU
		Release|Any CPU = Release|Any CPU
	EndGlobalSection
	GlobalSection(ProjectConfigurationPlatforms) = postSolution
		{C13EA84A-71B2-4F83-8104-18A73CEA90E6}.Debug|Any CPU.ActiveCfg = Debug|Any CPU
		{C13EA84A-71B2-4F83-8104-18A73CEA90E6}.Debug|Any CPU.Build.0 = Debug|Any CPU
		{C13EA84A-71B2-4F83-8104-18A73CEA90E6}.Release|Any CPU.ActiveCfg = Release|Any CPU
		{C13EA84A-71B2-4F83-8104-18A73CEA90E6}.Release|Any CPU.Build.0 = Release|Any CPU
	EndGlobalSection
	GlobalSection(SolutionProperties) = preSolution
		HideSolutionNode = FALSE
	EndGlobalSection
EndGlobal
